// !$*UTF8*$!
{
	archiveVersion = 1;
	classes = {
	};
	objectVersion = 46;
	objects = {

/* Begin PBXBuildFile section */
		4C217E001D9784A800DE7DB5 /* main.swift in Sources */ = {isa = PBXBuildFile; fileRef = 4C217DFF1D9784A800DE7DB5 /* main.swift */; };
		4C7207DB1D9787C700E1B8A7 /* README.md in Sources */ = {isa = PBXBuildFile; fileRef = 4C7207DA1D9787C700E1B8A7 /* README.md */; };
		4C7207E31D97898200E1B8A7 /* SwiftDataStructuresTests.swift in Sources */ = {isa = PBXBuildFile; fileRef = 4C7207E21D97898200E1B8A7 /* SwiftDataStructuresTests.swift */; };
		4C7207EC1D978B5800E1B8A7 /* BinarySearchTree.swift in Sources */ = {isa = PBXBuildFile; fileRef = 4C7207EB1D978B5800E1B8A7 /* BinarySearchTree.swift */; };
		4C9362A41DA3335A00C45A98 /* Algorithms.swift in Sources */ = {isa = PBXBuildFile; fileRef = 4C9362A31DA3335A00C45A98 /* Algorithms.swift */; };
		4CEACC531DA20999002D24A3 /* Graph.swift in Sources */ = {isa = PBXBuildFile; fileRef = 4CEACC521DA20999002D24A3 /* Graph.swift */; };
		4CEACC551DA20DCE002D24A3 /* Queue.swift in Sources */ = {isa = PBXBuildFile; fileRef = 4CEACC541DA20DCE002D24A3 /* Queue.swift */; };
/* End PBXBuildFile section */

/* Begin PBXCopyFilesBuildPhase section */
		4C217DFA1D9784A800DE7DB5 /* CopyFiles */ = {
			isa = PBXCopyFilesBuildPhase;
			buildActionMask = 2147483647;
			dstPath = /usr/share/man/man1/;
			dstSubfolderSpec = 0;
			files = (
			);
			runOnlyForDeploymentPostprocessing = 1;
		};
/* End PBXCopyFilesBuildPhase section */

/* Begin PBXFileReference section */
		4C217DFC1D9784A800DE7DB5 /* SwiftDataStructures */ = {isa = PBXFileReference; explicitFileType = "compiled.mach-o.executable"; includeInIndex = 0; path = SwiftDataStructures; sourceTree = BUILT_PRODUCTS_DIR; };
		4C217DFF1D9784A800DE7DB5 /* main.swift */ = {isa = PBXFileReference; lastKnownFileType = sourcecode.swift; path = main.swift; sourceTree = "<group>"; };
		4C7207DA1D9787C700E1B8A7 /* README.md */ = {isa = PBXFileReference; fileEncoding = 4; lastKnownFileType = net.daringfireball.markdown; path = README.md; sourceTree = "<group>"; };
		4C7207E01D97898200E1B8A7 /* SwiftDataStructuresTests.xctest */ = {isa = PBXFileReference; explicitFileType = wrapper.cfbundle; includeInIndex = 0; path = SwiftDataStructuresTests.xctest; sourceTree = BUILT_PRODUCTS_DIR; };
		4C7207E21D97898200E1B8A7 /* SwiftDataStructuresTests.swift */ = {isa = PBXFileReference; lastKnownFileType = sourcecode.swift; path = SwiftDataStructuresTests.swift; sourceTree = "<group>"; };
		4C7207E41D97898200E1B8A7 /* Info.plist */ = {isa = PBXFileReference; lastKnownFileType = text.plist.xml; path = Info.plist; sourceTree = "<group>"; };
		4C7207EB1D978B5800E1B8A7 /* BinarySearchTree.swift */ = {isa = PBXFileReference; fileEncoding = 4; lastKnownFileType = sourcecode.swift; path = BinarySearchTree.swift; sourceTree = "<group>"; };
		4C9362A31DA3335A00C45A98 /* Algorithms.swift */ = {isa = PBXFileReference; fileEncoding = 4; lastKnownFileType = sourcecode.swift; path = Algorithms.swift; sourceTree = "<group>"; };
		4CEACC521DA20999002D24A3 /* Graph.swift */ = {isa = PBXFileReference; fileEncoding = 4; lastKnownFileType = sourcecode.swift; path = Graph.swift; sourceTree = "<group>"; };
		4CEACC541DA20DCE002D24A3 /* Queue.swift */ = {isa = PBXFileReference; fileEncoding = 4; lastKnownFileType = sourcecode.swift; path = Queue.swift; sourceTree = "<group>"; };
/* End PBXFileReference section */

/* Begin PBXFrameworksBuildPhase section */
		4C217DF91D9784A800DE7DB5 /* Frameworks */ = {
			isa = PBXFrameworksBuildPhase;
			buildActionMask = 2147483647;
			files = (
			);
			runOnlyForDeploymentPostprocessing = 0;
		};
		4C7207DD1D97898200E1B8A7 /* Frameworks */ = {
			isa = PBXFrameworksBuildPhase;
			buildActionMask = 2147483647;
			files = (
			);
			runOnlyForDeploymentPostprocessing = 0;
		};
/* End PBXFrameworksBuildPhase section */

/* Begin PBXGroup section */
		4C217DF31D9784A800DE7DB5 = {
			isa = PBXGroup;
			children = (
				4C7207DA1D9787C700E1B8A7 /* README.md */,
				4C217DFE1D9784A800DE7DB5 /* SwiftDataStructures */,
				4C7207E11D97898200E1B8A7 /* SwiftDataStructuresTests */,
				4C217DFD1D9784A800DE7DB5 /* Products */,
			);
			sourceTree = "<group>";
		};
		4C217DFD1D9784A800DE7DB5 /* Products */ = {
			isa = PBXGroup;
			children = (
				4C217DFC1D9784A800DE7DB5 /* SwiftDataStructures */,
				4C7207E01D97898200E1B8A7 /* SwiftDataStructuresTests.xctest */,
			);
			name = Products;
			sourceTree = "<group>";
		};
		4C217DFE1D9784A800DE7DB5 /* SwiftDataStructures */ = {
			isa = PBXGroup;
			children = (
				4C217DFF1D9784A800DE7DB5 /* main.swift */,
				4C7207EB1D978B5800E1B8A7 /* BinarySearchTree.swift */,
				4CEACC521DA20999002D24A3 /* Graph.swift */,
				4CEACC541DA20DCE002D24A3 /* Queue.swift */,
				4C9362A31DA3335A00C45A98 /* Algorithms.swift */,
			);
			path = SwiftDataStructures;
			sourceTree = "<group>";
		};
		4C7207E11D97898200E1B8A7 /* SwiftDataStructuresTests */ = {
			isa = PBXGroup;
			children = (
				4C7207E21D97898200E1B8A7 /* SwiftDataStructuresTests.swift */,
				4C7207E41D97898200E1B8A7 /* Info.plist */,
			);
			path = SwiftDataStructuresTests;
			sourceTree = "<group>";
		};
/* End PBXGroup section */

/* Begin PBXNativeTarget section */
		4C217DFB1D9784A800DE7DB5 /* SwiftDataStructures */ = {
			isa = PBXNativeTarget;
			buildConfigurationList = 4C217E031D9784A800DE7DB5 /* Build configuration list for PBXNativeTarget "SwiftDataStructures" */;
			buildPhases = (
				4C217DF81D9784A800DE7DB5 /* Sources */,
				4C217DF91D9784A800DE7DB5 /* Frameworks */,
				4C217DFA1D9784A800DE7DB5 /* CopyFiles */,
			);
			buildRules = (
			);
			dependencies = (
			);
			name = SwiftDataStructures;
			productName = SwiftDataStructures;
			productReference = 4C217DFC1D9784A800DE7DB5 /* SwiftDataStructures */;
			productType = "com.apple.product-type.tool";
		};
		4C7207DF1D97898200E1B8A7 /* SwiftDataStructuresTests */ = {
			isa = PBXNativeTarget;
			buildConfigurationList = 4C7207E71D97898200E1B8A7 /* Build configuration list for PBXNativeTarget "SwiftDataStructuresTests" */;
			buildPhases = (
				4C7207DC1D97898200E1B8A7 /* Sources */,
				4C7207DD1D97898200E1B8A7 /* Frameworks */,
				4C7207DE1D97898200E1B8A7 /* Resources */,
			);
			buildRules = (
			);
			dependencies = (
			);
			name = SwiftDataStructuresTests;
			productName = SwiftDataStructuresTests;
			productReference = 4C7207E01D97898200E1B8A7 /* SwiftDataStructuresTests.xctest */;
			productType = "com.apple.product-type.bundle.unit-test";
		};
/* End PBXNativeTarget section */

/* Begin PBXProject section */
		4C217DF41D9784A800DE7DB5 /* Project object */ = {
			isa = PBXProject;
			attributes = {
				LastSwiftUpdateCheck = 0800;
				LastUpgradeCheck = 0800;
				ORGANIZATIONNAME = "Michael Bachmann";
				TargetAttributes = {
					4C217DFB1D9784A800DE7DB5 = {
						CreatedOnToolsVersion = 8.0;
						DevelopmentTeam = 67YZ5LL9LN;
						ProvisioningStyle = Automatic;
					};
					4C7207DF1D97898200E1B8A7 = {
						CreatedOnToolsVersion = 8.0;
						DevelopmentTeam = 67YZ5LL9LN;
						ProvisioningStyle = Automatic;
					};
				};
			};
			buildConfigurationList = 4C217DF71D9784A800DE7DB5 /* Build configuration list for PBXProject "SwiftDataStructures" */;
			compatibilityVersion = "Xcode 3.2";
			developmentRegion = English;
			hasScannedForEncodings = 0;
			knownRegions = (
				en,
			);
			mainGroup = 4C217DF31D9784A800DE7DB5;
			productRefGroup = 4C217DFD1D9784A800DE7DB5 /* Products */;
			projectDirPath = "";
			projectRoot = "";
			targets = (
				4C217DFB1D9784A800DE7DB5 /* SwiftDataStructures */,
				4C7207DF1D97898200E1B8A7 /* SwiftDataStructuresTests */,
			);
		};
/* End PBXProject section */

/* Begin PBXResourcesBuildPhase section */
		4C7207DE1D97898200E1B8A7 /* Resources */ = {
			isa = PBXResourcesBuildPhase;
			buildActionMask = 2147483647;
			files = (
			);
			runOnlyForDeploymentPostprocessing = 0;
		};
/* End PBXResourcesBuildPhase section */

/* Begin PBXSourcesBuildPhase section */
		4C217DF81D9784A800DE7DB5 /* Sources */ = {
			isa = PBXSourcesBuildPhase;
			buildActionMask = 2147483647;
			files = (
				4CEACC551DA20DCE002D24A3 /* Queue.swift in Sources */,
				4CEACC531DA20999002D24A3 /* Graph.swift in Sources */,
				4C7207DB1D9787C700E1B8A7 /* README.md in Sources */,
				4C217E001D9784A800DE7DB5 /* main.swift in Sources */,
				4C7207EC1D978B5800E1B8A7 /* BinarySearchTree.swift in Sources */,
				4C9362A41DA3335A00C45A98 /* Algorithms.swift in Sources */,
			);
			runOnlyForDeploymentPostprocessing = 0;
		};
		4C7207DC1D97898200E1B8A7 /* Sources */ = {
			isa = PBXSourcesBuildPhase;
			buildActionMask = 2147483647;
			files = (
				4C7207E31D97898200E1B8A7 /* SwiftDataStructuresTests.swift in Sources */,
			);
			runOnlyForDeploymentPostprocessing = 0;
		};
/* End PBXSourcesBuildPhase section */

/* Begin XCBuildConfiguration section */
		4C217E011D9784A800DE7DB5 /* Debug */ = {
			isa = XCBuildConfiguration;
			buildSettings = {
				ALWAYS_SEARCH_USER_PATHS = NO;
				CLANG_ANALYZER_NONNULL = YES;
				CLANG_CXX_LANGUAGE_STANDARD = "gnu++0x";
				CLANG_CXX_LIBRARY = "libc++";
				CLANG_ENABLE_MODULES = YES;
				CLANG_ENABLE_OBJC_ARC = YES;
				CLANG_WARN_BOOL_CONVERSION = YES;
				CLANG_WARN_CONSTANT_CONVERSION = YES;
				CLANG_WARN_DIRECT_OBJC_ISA_USAGE = YES_ERROR;
				CLANG_WARN_DOCUMENTATION_COMMENTS = YES;
				CLANG_WARN_EMPTY_BODY = YES;
				CLANG_WARN_ENUM_CONVERSION = YES;
				CLANG_WARN_INFINITE_RECURSION = YES;
				CLANG_WARN_INT_CONVERSION = YES;
				CLANG_WARN_OBJC_ROOT_CLASS = YES_ERROR;
				CLANG_WARN_SUSPICIOUS_MOVES = YES;
				CLANG_WARN_UNREACHABLE_CODE = YES;
				CLANG_WARN__DUPLICATE_METHOD_MATCH = YES;
				CODE_SIGN_IDENTITY = "-";
				COPY_PHASE_STRIP = NO;
				DEBUG_INFORMATION_FORMAT = dwarf;
				ENABLE_STRICT_OBJC_MSGSEND = YES;
				ENABLE_TESTABILITY = YES;
				GCC_C_LANGUAGE_STANDARD = gnu99;
				GCC_DYNAMIC_NO_PIC = NO;
				GCC_NO_COMMON_BLOCKS = YES;
				GCC_OPTIMIZATION_LEVEL = 0;
				GCC_PREPROCESSOR_DEFINITIONS = (
					"DEBUG=1",
					"$(inherited)",
				);
				GCC_WARN_64_TO_32_BIT_CONVERSION = YES;
				GCC_WARN_ABOUT_RETURN_TYPE = YES_ERROR;
				GCC_WARN_UNDECLARED_SELECTOR = YES;
				GCC_WARN_UNINITIALIZED_AUTOS = YES_AGGRESSIVE;
				GCC_WARN_UNUSED_FUNCTION = YES;
				GCC_WARN_UNUSED_VARIABLE = YES;
				MACOSX_DEPLOYMENT_TARGET = 10.11;
				MTL_ENABLE_DEBUG_INFO = YES;
				ONLY_ACTIVE_ARCH = YES;
				SDKROOT = macosx;
				SWIFT_OPTIMIZATION_LEVEL = "-Onone";
			};
			name = Debug;
		};
		4C217E021D9784A800DE7DB5 /* Release */ = {
			isa = XCBuildConfiguration;
			buildSettings = {
				ALWAYS_SEARCH_USER_PATHS = NO;
				CLANG_ANALYZER_NONNULL = YES;
				CLANG_CXX_LANGUAGE_STANDARD = "gnu++0x";
				CLANG_CXX_LIBRARY = "libc++";
				CLANG_ENABLE_MODULES = YES;
				CLANG_ENABLE_OBJC_ARC = YES;
				CLANG_WARN_BOOL_CONVERSION = YES;
				CLANG_WARN_CONSTANT_CONVERSION = YES;
				CLANG_WARN_DIRECT_OBJC_ISA_USAGE = YES_ERROR;
				CLANG_WARN_DOCUMENTATION_COMMENTS = YES;
				CLANG_WARN_EMPTY_BODY = YES;
				CLANG_WARN_ENUM_CONVERSION = YES;
				CLANG_WARN_INFINITE_RECURSION = YES;
				CLANG_WARN_INT_CONVERSION = YES;
				CLANG_WARN_OBJC_ROOT_CLASS = YES_ERROR;
				CLANG_WARN_SUSPICIOUS_MOVES = YES;
				CLANG_WARN_UNREACHABLE_CODE = YES;
				CLANG_WARN__DUPLICATE_METHOD_MATCH = YES;
				CODE_SIGN_IDENTITY = "-";
				COPY_PHASE_STRIP = NO;
				DEBUG_INFORMATION_FORMAT = "dwarf-with-dsym";
				ENABLE_NS_ASSERTIONS = NO;
				ENABLE_STRICT_OBJC_MSGSEND = YES;
				GCC_C_LANGUAGE_STANDARD = gnu99;
				GCC_NO_COMMON_BLOCKS = YES;
				GCC_WARN_64_TO_32_BIT_CONVERSION = YES;
				GCC_WARN_ABOUT_RETURN_TYPE = YES_ERROR;
				GCC_WARN_UNDECLARED_SELECTOR = YES;
				GCC_WARN_UNINITIALIZED_AUTOS = YES_AGGRESSIVE;
				GCC_WARN_UNUSED_FUNCTION = YES;
				GCC_WARN_UNUSED_VARIABLE = YES;
				MACOSX_DEPLOYMENT_TARGET = 10.11;
				MTL_ENABLE_DEBUG_INFO = NO;
				SDKROOT = macosx;
			};
			name = Release;
		};
		4C217E041D9784A800DE7DB5 /* Debug */ = {
			isa = XCBuildConfiguration;
			buildSettings = {
				DEVELOPMENT_TEAM = 67YZ5LL9LN;
				PRODUCT_NAME = "$(TARGET_NAME)";
				SWIFT_VERSION = 3.0;
			};
			name = Debug;
		};
		4C217E051D9784A800DE7DB5 /* Release */ = {
			isa = XCBuildConfiguration;
			buildSettings = {
				DEVELOPMENT_TEAM = 67YZ5LL9LN;
				PRODUCT_NAME = "$(TARGET_NAME)";
				SWIFT_VERSION = 3.0;
			};
			name = Release;
		};
		4C7207E51D97898200E1B8A7 /* Debug */ = {
			isa = XCBuildConfiguration;
			buildSettings = {
				COMBINE_HIDPI_IMAGES = YES;
				DEVELOPMENT_TEAM = 67YZ5LL9LN;
				INFOPLIST_FILE = SwiftDataStructuresTests/Info.plist;
				LD_RUNPATH_SEARCH_PATHS = "$(inherited) @executable_path/../Frameworks @loader_path/../Frameworks";
				PRODUCT_BUNDLE_IDENTIFIER = net.michaelbachmann.SwiftDataStructuresTests;
				PRODUCT_NAME = "$(TARGET_NAME)";
				SWIFT_ACTIVE_COMPILATION_CONDITIONS = DEBUG;
				SWIFT_VERSION = 3.0;
			};
			name = Debug;
		};
		4C7207E61D97898200E1B8A7 /* Release */ = {
			isa = XCBuildConfiguration;
			buildSettings = {
				COMBINE_HIDPI_IMAGES = YES;
				DEVELOPMENT_TEAM = 67YZ5LL9LN;
				INFOPLIST_FILE = SwiftDataStructuresTests/Info.plist;
				LD_RUNPATH_SEARCH_PATHS = "$(inherited) @executable_path/../Frameworks @loader_path/../Frameworks";
				PRODUCT_BUNDLE_IDENTIFIER = net.michaelbachmann.SwiftDataStructuresTests;
				PRODUCT_NAME = "$(TARGET_NAME)";
				SWIFT_OPTIMIZATION_LEVEL = "-Owholemodule";
				SWIFT_VERSION = 3.0;
			};
			name = Release;
		};
/* End XCBuildConfiguration section */

/* Begin XCConfigurationList section */
		4C217DF71D9784A800DE7DB5 /* Build configuration list for PBXProject "SwiftDataStructures" */ = {
			isa = XCConfigurationList;
			buildConfigurations = (
				4C217E011D9784A800DE7DB5 /* Debug */,
				4C217E021D9784A800DE7DB5 /* Release */,
			);
			defaultConfigurationIsVisible = 0;
			defaultConfigurationName = Release;
		};
		4C217E031D9784A800DE7DB5 /* Build configuration list for PBXNativeTarget "SwiftDataStructures" */ = {
			isa = XCConfigurationList;
			buildConfigurations = (
				4C217E041D9784A800DE7DB5 /* Debug */,
				4C217E051D9784A800DE7DB5 /* Release */,
			);
			defaultConfigurationIsVisible = 0;
			defaultConfigurationName = Release;
		};
		4C7207E71D97898200E1B8A7 /* Build configuration list for PBXNativeTarget "SwiftDataStructuresTests" */ = {
			isa = XCConfigurationList;
			buildConfigurations = (
				4C7207E51D97898200E1B8A7 /* Debug */,
				4C7207E61D97898200E1B8A7 /* Release */,
			);
			defaultConfigurationIsVisible = 0;
			defaultConfigurationName = Release;
		};
/* End XCConfigurationList section */
	};
	rootObject = 4C217DF41D9784A800DE7DB5 /* Project object */;
}
